
Microsoft Visual Studio Solution File, Format Version 12.00
# Visual Studio 15
VisualStudioVersion = 15.0.28307.106
MinimumVisualStudioVersion = 10.0.40219.1
Project("{2150E333-8FDC-42A3-9474-1A3956D46DE8}") = "Core", "Core", "{B07A8DBF-00E2-4A97-88A2-59BBDEF0AA5D}"
EndProject
Project("{2150E333-8FDC-42A3-9474-1A3956D46DE8}") = "Infrastructure", "Infrastructure", "{F9FDF608-09A6-4489-948A-CD56E8E1A4DD}"
EndProject
Project("{2150E333-8FDC-42A3-9474-1A3956D46DE8}") = "Data", "Data", "{EBC81B2D-9B33-48A5-8C79-3D644EF03E0D}"
EndProject
Project("{2150E333-8FDC-42A3-9474-1A3956D46DE8}") = "Web", "Web", "{92B7CCB5-5B13-453C-86D7-C1B009C78B90}"
EndProject
Project("{9A19103F-16F7-4668-BE54-9A1E7A4F7556}") = "CasinoReports.Infrastructure.Data", "Infrastructure\Data\CasinoReports.Infrastructure.Data\CasinoReports.Infrastructure.Data.csproj", "{4048F34E-0D96-4A94-AE02-BA03103EDD90}"
EndProject
Project("{9A19103F-16F7-4668-BE54-9A1E7A4F7556}") = "CasinoReports.Core.Models", "Core\CasinoReports.Core.Models\CasinoReports.Core.Models.csproj", "{3669C534-9031-4BAA-B54E-75EFB21BA621}"
EndProject
Project("{9A19103F-16F7-4668-BE54-9A1E7A4F7556}") = "CasinoReports.Infrastructure.Di", "Infrastructure\CasinoReports.Infrastructure.DI\CasinoReports.Infrastructure.Di.csproj", "{4A546EF5-35F6-47F7-BBD2-033F3BAF7C7E}"
EndProject
Project("{9A19103F-16F7-4668-BE54-9A1E7A4F7556}") = "CasinoReports.Core.Services", "Core\CasinoReports.Core.Services\CasinoReports.Core.Services.csproj", "{0E6A9572-BC15-45F9-B782-549AC9705F67}"
EndProject
Project("{9A19103F-16F7-4668-BE54-9A1E7A4F7556}") = "CasinoReports.Infrastructure.Mapping", "Infrastructure\CasinoReports.Infrastructure.Mapping\CasinoReports.Infrastructure.Mapping.csproj", "{54DE4570-F19D-40B4-9C8D-824C889ACE39}"
EndProject
Project("{9A19103F-16F7-4668-BE54-9A1E7A4F7556}") = "CasinoReports.Web.Api", "Web\CasinoReports.Web.Api\CasinoReports.Web.Api.csproj", "{6AA7D7FD-04C9-4B0C-B502-EBF745D1B498}"
EndProject
Project("{9A19103F-16F7-4668-BE54-9A1E7A4F7556}") = "CasinoReports.Infrastructure.Data.Abstractions", "Infrastructure\Data\CasinoReports.Infrastructure.Data.Abstractions\CasinoReports.Infrastructure.Data.Abstractions.csproj", "{960AA9DF-4144-44AF-A5DE-86451B6778BC}"
EndProject
Project("{9A19103F-16F7-4668-BE54-9A1E7A4F7556}") = "CasinoReports.Core.Services.Abstractions", "Core\CasinoReports.Core.Services.Abstractions\CasinoReports.Core.Services.Abstractions.csproj", "{4A78A00D-43D7-4050-961B-081909D02DA3}"
EndProject
Project("{9A19103F-16F7-4668-BE54-9A1E7A4F7556}") = "CasinoReports.Core.Specifications", "Core\CasinoReports.Core.Specifications\CasinoReports.Core.Specifications.csproj", "{843A37A8-3B0C-47EB-9737-2B6A479604D5}"
EndProject
Project("{2150E333-8FDC-42A3-9474-1A3956D46DE8}") = "Report", "Report", "{DF26169D-41BF-426B-A5EB-599FE8AE1A32}"
EndProject
Project("{6870E480-7721-4708-BFB8-9AE898AA21B3}") = "CasinoReports.Report.CustomerVisits", "Report\CasinoReports.Report.CustomerVisits\CasinoReports.Report.CustomerVisits.smproj", "{D57E7B44-8462-43DC-A0C0-02117A8DFEA4}"
EndProject
Project("{E53339B2-1760-4266-BCC7-CA923CBCF16C}") = "docker-compose", "docker-compose.dcproj", "{1ED10488-8F30-4940-A620-1C8B796682F3}"
EndProject
Project("{FAE04EC0-301F-11D3-BF4B-00C04F79EFBC}") = "CasinoReports.Web.FlexmonsterApi", "Web\CasinoReports.Web.FlexmonsterApi\CasinoReports.Web.FlexmonsterApi.csproj", "{D83932CE-B411-46C3-B9A8-5981DA1EE39D}"
EndProject
Global
	GlobalSection(SolutionConfigurationPlatforms) = preSolution
		Debug|Any CPU = Debug|Any CPU
		Debug|x86 = Debug|x86
		Development|Any CPU = Development|Any CPU
		Development|x86 = Development|x86
		Release|Any CPU = Release|Any CPU
		Release|x86 = Release|x86
	EndGlobalSection
	GlobalSection(ProjectConfigurationPlatforms) = postSolution
		{4048F34E-0D96-4A94-AE02-BA03103EDD90}.Debug|Any CPU.ActiveCfg = Debug|Any CPU
		{4048F34E-0D96-4A94-AE02-BA03103EDD90}.Debug|Any CPU.Build.0 = Debug|Any CPU
		{4048F34E-0D96-4A94-AE02-BA03103EDD90}.Debug|x86.ActiveCfg = Debug|Any CPU
		{4048F34E-0D96-4A94-AE02-BA03103EDD90}.Debug|x86.Build.0 = Debug|Any CPU
		{4048F34E-0D96-4A94-AE02-BA03103EDD90}.Development|Any CPU.ActiveCfg = Debug|Any CPU
		{4048F34E-0D96-4A94-AE02-BA03103EDD90}.Development|Any CPU.Build.0 = Debug|Any CPU
		{4048F34E-0D96-4A94-AE02-BA03103EDD90}.Development|x86.ActiveCfg = Debug|Any CPU
		{4048F34E-0D96-4A94-AE02-BA03103EDD90}.Development|x86.Build.0 = Debug|Any CPU
		{4048F34E-0D96-4A94-AE02-BA03103EDD90}.Release|Any CPU.ActiveCfg = Release|Any CPU
		{4048F34E-0D96-4A94-AE02-BA03103EDD90}.Release|Any CPU.Build.0 = Release|Any CPU
		{4048F34E-0D96-4A94-AE02-BA03103EDD90}.Release|x86.ActiveCfg = Release|Any CPU
		{4048F34E-0D96-4A94-AE02-BA03103EDD90}.Release|x86.Build.0 = Release|Any CPU
		{3669C534-9031-4BAA-B54E-75EFB21BA621}.Debug|Any CPU.ActiveCfg = Debug|Any CPU
		{3669C534-9031-4BAA-B54E-75EFB21BA621}.Debug|Any CPU.Build.0 = Debug|Any CPU
		{3669C534-9031-4BAA-B54E-75EFB21BA621}.Debug|x86.ActiveCfg = Debug|Any CPU
		{3669C534-9031-4BAA-B54E-75EFB21BA621}.Debug|x86.Build.0 = Debug|Any CPU
		{3669C534-9031-4BAA-B54E-75EFB21BA621}.Development|Any CPU.ActiveCfg = Debug|Any CPU
		{3669C534-9031-4BAA-B54E-75EFB21BA621}.Development|Any CPU.Build.0 = Debug|Any CPU
		{3669C534-9031-4BAA-B54E-75EFB21BA621}.Development|x86.ActiveCfg = Debug|Any CPU
		{3669C534-9031-4BAA-B54E-75EFB21BA621}.Development|x86.Build.0 = Debug|Any CPU
		{3669C534-9031-4BAA-B54E-75EFB21BA621}.Release|Any CPU.ActiveCfg = Release|Any CPU
		{3669C534-9031-4BAA-B54E-75EFB21BA621}.Release|Any CPU.Build.0 = Release|Any CPU
		{3669C534-9031-4BAA-B54E-75EFB21BA621}.Release|x86.ActiveCfg = Release|Any CPU
		{3669C534-9031-4BAA-B54E-75EFB21BA621}.Release|x86.Build.0 = Release|Any CPU
		{4A546EF5-35F6-47F7-BBD2-033F3BAF7C7E}.Debug|Any CPU.ActiveCfg = Debug|Any CPU
		{4A546EF5-35F6-47F7-BBD2-033F3BAF7C7E}.Debug|Any CPU.Build.0 = Debug|Any CPU
		{4A546EF5-35F6-47F7-BBD2-033F3BAF7C7E}.Debug|x86.ActiveCfg = Debug|Any CPU
		{4A546EF5-35F6-47F7-BBD2-033F3BAF7C7E}.Debug|x86.Build.0 = Debug|Any CPU
		{4A546EF5-35F6-47F7-BBD2-033F3BAF7C7E}.Development|Any CPU.ActiveCfg = Debug|Any CPU
		{4A546EF5-35F6-47F7-BBD2-033F3BAF7C7E}.Development|Any CPU.Build.0 = Debug|Any CPU
		{4A546EF5-35F6-47F7-BBD2-033F3BAF7C7E}.Development|x86.ActiveCfg = Debug|Any CPU
		{4A546EF5-35F6-47F7-BBD2-033F3BAF7C7E}.Development|x86.Build.0 = Debug|Any CPU
		{4A546EF5-35F6-47F7-BBD2-033F3BAF7C7E}.Release|Any CPU.ActiveCfg = Release|Any CPU
		{4A546EF5-35F6-47F7-BBD2-033F3BAF7C7E}.Release|Any CPU.Build.0 = Release|Any CPU
		{4A546EF5-35F6-47F7-BBD2-033F3BAF7C7E}.Release|x86.ActiveCfg = Release|Any CPU
		{4A546EF5-35F6-47F7-BBD2-033F3BAF7C7E}.Release|x86.Build.0 = Release|Any CPU
		{0E6A9572-BC15-45F9-B782-549AC9705F67}.Debug|Any CPU.ActiveCfg = Debug|Any CPU
		{0E6A9572-BC15-45F9-B782-549AC9705F67}.Debug|Any CPU.Build.0 = Debug|Any CPU
		{0E6A9572-BC15-45F9-B782-549AC9705F67}.Debug|x86.ActiveCfg = Debug|Any CPU
		{0E6A9572-BC15-45F9-B782-549AC9705F67}.Debug|x86.Build.0 = Debug|Any CPU
		{0E6A9572-BC15-45F9-B782-549AC9705F67}.Development|Any CPU.ActiveCfg = Debug|Any CPU
		{0E6A9572-BC15-45F9-B782-549AC9705F67}.Development|Any CPU.Build.0 = Debug|Any CPU
		{0E6A9572-BC15-45F9-B782-549AC9705F67}.Development|x86.ActiveCfg = Debug|Any CPU
		{0E6A9572-BC15-45F9-B782-549AC9705F67}.Development|x86.Build.0 = Debug|Any CPU
		{0E6A9572-BC15-45F9-B782-549AC9705F67}.Release|Any CPU.ActiveCfg = Release|Any CPU
		{0E6A9572-BC15-45F9-B782-549AC9705F67}.Release|Any CPU.Build.0 = Release|Any CPU
		{0E6A9572-BC15-45F9-B782-549AC9705F67}.Release|x86.ActiveCfg = Release|Any CPU
		{0E6A9572-BC15-45F9-B782-549AC9705F67}.Release|x86.Build.0 = Release|Any CPU
		{54DE4570-F19D-40B4-9C8D-824C889ACE39}.Debug|Any CPU.ActiveCfg = Debug|Any CPU
		{54DE4570-F19D-40B4-9C8D-824C889ACE39}.Debug|Any CPU.Build.0 = Debug|Any CPU
		{54DE4570-F19D-40B4-9C8D-824C889ACE39}.Debug|x86.ActiveCfg = Debug|Any CPU
		{54DE4570-F19D-40B4-9C8D-824C889ACE39}.Debug|x86.Build.0 = Debug|Any CPU
		{54DE4570-F19D-40B4-9C8D-824C889ACE39}.Development|Any CPU.ActiveCfg = Debug|Any CPU
		{54DE4570-F19D-40B4-9C8D-824C889ACE39}.Development|Any CPU.Build.0 = Debug|Any CPU
		{54DE4570-F19D-40B4-9C8D-824C889ACE39}.Development|x86.ActiveCfg = Debug|Any CPU
		{54DE4570-F19D-40B4-9C8D-824C889ACE39}.Development|x86.Build.0 = Debug|Any CPU
		{54DE4570-F19D-40B4-9C8D-824C889ACE39}.Release|Any CPU.ActiveCfg = Release|Any CPU
		{54DE4570-F19D-40B4-9C8D-824C889ACE39}.Release|Any CPU.Build.0 = Release|Any CPU
		{54DE4570-F19D-40B4-9C8D-824C889ACE39}.Release|x86.ActiveCfg = Release|Any CPU
		{54DE4570-F19D-40B4-9C8D-824C889ACE39}.Release|x86.Build.0 = Release|Any CPU
		{6AA7D7FD-04C9-4B0C-B502-EBF745D1B498}.Debug|Any CPU.ActiveCfg = Debug|Any CPU
		{6AA7D7FD-04C9-4B0C-B502-EBF745D1B498}.Debug|Any CPU.Build.0 = Debug|Any CPU
		{6AA7D7FD-04C9-4B0C-B502-EBF745D1B498}.Debug|x86.ActiveCfg = Debug|Any CPU
		{6AA7D7FD-04C9-4B0C-B502-EBF745D1B498}.Debug|x86.Build.0 = Debug|Any CPU
		{6AA7D7FD-04C9-4B0C-B502-EBF745D1B498}.Development|Any CPU.ActiveCfg = Debug|Any CPU
		{6AA7D7FD-04C9-4B0C-B502-EBF745D1B498}.Development|Any CPU.Build.0 = Debug|Any CPU
		{6AA7D7FD-04C9-4B0C-B502-EBF745D1B498}.Development|x86.ActiveCfg = Debug|Any CPU
		{6AA7D7FD-04C9-4B0C-B502-EBF745D1B498}.Development|x86.Build.0 = Debug|Any CPU
		{6AA7D7FD-04C9-4B0C-B502-EBF745D1B498}.Release|Any CPU.ActiveCfg = Release|Any CPU
		{6AA7D7FD-04C9-4B0C-B502-EBF745D1B498}.Release|Any CPU.Build.0 = Release|Any CPU
		{6AA7D7FD-04C9-4B0C-B502-EBF745D1B498}.Release|x86.ActiveCfg = Release|Any CPU
		{6AA7D7FD-04C9-4B0C-B502-EBF745D1B498}.Release|x86.Build.0 = Release|Any CPU
		{960AA9DF-4144-44AF-A5DE-86451B6778BC}.Debug|Any CPU.ActiveCfg = Debug|Any CPU
		{960AA9DF-4144-44AF-A5DE-86451B6778BC}.Debug|Any CPU.Build.0 = Debug|Any CPU
		{960AA9DF-4144-44AF-A5DE-86451B6778BC}.Debug|x86.ActiveCfg = Debug|Any CPU
		{960AA9DF-4144-44AF-A5DE-86451B6778BC}.Debug|x86.Build.0 = Debug|Any CPU
		{960AA9DF-4144-44AF-A5DE-86451B6778BC}.Development|Any CPU.ActiveCfg = Debug|Any CPU
		{960AA9DF-4144-44AF-A5DE-86451B6778BC}.Development|Any CPU.Build.0 = Debug|Any CPU
		{960AA9DF-4144-44AF-A5DE-86451B6778BC}.Development|x86.ActiveCfg = Debug|Any CPU
		{960AA9DF-4144-44AF-A5DE-86451B6778BC}.Development|x86.Build.0 = Debug|Any CPU
		{960AA9DF-4144-44AF-A5DE-86451B6778BC}.Release|Any CPU.ActiveCfg = Release|Any CPU
		{960AA9DF-4144-44AF-A5DE-86451B6778BC}.Release|Any CPU.Build.0 = Release|Any CPU
		{960AA9DF-4144-44AF-A5DE-86451B6778BC}.Release|x86.ActiveCfg = Release|Any CPU
		{960AA9DF-4144-44AF-A5DE-86451B6778BC}.Release|x86.Build.0 = Release|Any CPU
		{4A78A00D-43D7-4050-961B-081909D02DA3}.Debug|Any CPU.ActiveCfg = Debug|Any CPU
		{4A78A00D-43D7-4050-961B-081909D02DA3}.Debug|Any CPU.Build.0 = Debug|Any CPU
		{4A78A00D-43D7-4050-961B-081909D02DA3}.Debug|x86.ActiveCfg = Debug|Any CPU
		{4A78A00D-43D7-4050-961B-081909D02DA3}.Debug|x86.Build.0 = Debug|Any CPU
		{4A78A00D-43D7-4050-961B-081909D02DA3}.Development|Any CPU.ActiveCfg = Debug|Any CPU
		{4A78A00D-43D7-4050-961B-081909D02DA3}.Development|Any CPU.Build.0 = Debug|Any CPU
		{4A78A00D-43D7-4050-961B-081909D02DA3}.Development|x86.ActiveCfg = Debug|Any CPU
		{4A78A00D-43D7-4050-961B-081909D02DA3}.Development|x86.Build.0 = Debug|Any CPU
		{4A78A00D-43D7-4050-961B-081909D02DA3}.Release|Any CPU.ActiveCfg = Release|Any CPU
		{4A78A00D-43D7-4050-961B-081909D02DA3}.Release|Any CPU.Build.0 = Release|Any CPU
		{4A78A00D-43D7-4050-961B-081909D02DA3}.Release|x86.ActiveCfg = Release|Any CPU
		{4A78A00D-43D7-4050-961B-081909D02DA3}.Release|x86.Build.0 = Release|Any CPU
		{843A37A8-3B0C-47EB-9737-2B6A479604D5}.Debug|Any CPU.ActiveCfg = Debug|Any CPU
		{843A37A8-3B0C-47EB-9737-2B6A479604D5}.Debug|Any CPU.Build.0 = Debug|Any CPU
		{843A37A8-3B0C-47EB-9737-2B6A479604D5}.Debug|x86.ActiveCfg = Debug|Any CPU
		{843A37A8-3B0C-47EB-9737-2B6A479604D5}.Debug|x86.Build.0 = Debug|Any CPU
		{843A37A8-3B0C-47EB-9737-2B6A479604D5}.Development|Any CPU.ActiveCfg = Debug|Any CPU
		{843A37A8-3B0C-47EB-9737-2B6A479604D5}.Development|Any CPU.Build.0 = Debug|Any CPU
		{843A37A8-3B0C-47EB-9737-2B6A479604D5}.Development|x86.ActiveCfg = Debug|Any CPU
		{843A37A8-3B0C-47EB-9737-2B6A479604D5}.Development|x86.Build.0 = Debug|Any CPU
		{843A37A8-3B0C-47EB-9737-2B6A479604D5}.Release|Any CPU.ActiveCfg = Release|Any CPU
		{843A37A8-3B0C-47EB-9737-2B6A479604D5}.Release|Any CPU.Build.0 = Release|Any CPU
		{843A37A8-3B0C-47EB-9737-2B6A479604D5}.Release|x86.ActiveCfg = Release|Any CPU
		{843A37A8-3B0C-47EB-9737-2B6A479604D5}.Release|x86.Build.0 = Release|Any CPU
		{D57E7B44-8462-43DC-A0C0-02117A8DFEA4}.Debug|Any CPU.ActiveCfg = Development|x86
		{D57E7B44-8462-43DC-A0C0-02117A8DFEA4}.Debug|Any CPU.Build.0 = Development|x86
		{D57E7B44-8462-43DC-A0C0-02117A8DFEA4}.Debug|Any CPU.Deploy.0 = Development|x86
		{D57E7B44-8462-43DC-A0C0-02117A8DFEA4}.Debug|x86.ActiveCfg = Development|x86
		{D57E7B44-8462-43DC-A0C0-02117A8DFEA4}.Debug|x86.Build.0 = Development|x86
		{D57E7B44-8462-43DC-A0C0-02117A8DFEA4}.Debug|x86.Deploy.0 = Development|x86
		{D57E7B44-8462-43DC-A0C0-02117A8DFEA4}.Development|Any CPU.ActiveCfg = Development|x86
		{D57E7B44-8462-43DC-A0C0-02117A8DFEA4}.Development|x86.ActiveCfg = Development|x86
		{D57E7B44-8462-43DC-A0C0-02117A8DFEA4}.Development|x86.Build.0 = Development|x86
		{D57E7B44-8462-43DC-A0C0-02117A8DFEA4}.Development|x86.Deploy.0 = Development|x86
		{D57E7B44-8462-43DC-A0C0-02117A8DFEA4}.Release|Any CPU.ActiveCfg = Development|x86
		{D57E7B44-8462-43DC-A0C0-02117A8DFEA4}.Release|Any CPU.Build.0 = Development|x86
		{D57E7B44-8462-43DC-A0C0-02117A8DFEA4}.Release|Any CPU.Deploy.0 = Development|x86
		{D57E7B44-8462-43DC-A0C0-02117A8DFEA4}.Release|x86.ActiveCfg = Development|x86
		{D57E7B44-8462-43DC-A0C0-02117A8DFEA4}.Release|x86.Build.0 = Development|x86
		{D57E7B44-8462-43DC-A0C0-02117A8DFEA4}.Release|x86.Deploy.0 = Development|x86
		{1ED10488-8F30-4940-A620-1C8B796682F3}.Debug|Any CPU.ActiveCfg = Debug|Any CPU
		{1ED10488-8F30-4940-A620-1C8B796682F3}.Debug|Any CPU.Build.0 = Debug|Any CPU
		{1ED10488-8F30-4940-A620-1C8B796682F3}.Debug|x86.ActiveCfg = Debug|Any CPU
		{1ED10488-8F30-4940-A620-1C8B796682F3}.Debug|x86.Build.0 = Debug|Any CPU
		{1ED10488-8F30-4940-A620-1C8B796682F3}.Development|Any CPU.ActiveCfg = Debug|Any CPU
		{1ED10488-8F30-4940-A620-1C8B796682F3}.Development|Any CPU.Build.0 = Debug|Any CPU
		{1ED10488-8F30-4940-A620-1C8B796682F3}.Development|x86.ActiveCfg = Debug|Any CPU
		{1ED10488-8F30-4940-A620-1C8B796682F3}.Development|x86.Build.0 = Debug|Any CPU
		{1ED10488-8F30-4940-A620-1C8B796682F3}.Release|Any CPU.ActiveCfg = Release|Any CPU
		{1ED10488-8F30-4940-A620-1C8B796682F3}.Release|Any CPU.Build.0 = Release|Any CPU
		{1ED10488-8F30-4940-A620-1C8B796682F3}.Release|x86.ActiveCfg = Release|Any CPU
		{1ED10488-8F30-4940-A620-1C8B796682F3}.Release|x86.Build.0 = Release|Any CPU
		{D83932CE-B411-46C3-B9A8-5981DA1EE39D}.Debug|Any CPU.ActiveCfg = Debug|Any CPU
		{D83932CE-B411-46C3-B9A8-5981DA1EE39D}.Debug|Any CPU.Build.0 = Debug|Any CPU
		{D83932CE-B411-46C3-B9A8-5981DA1EE39D}.Debug|x86.ActiveCfg = Debug|Any CPU
		{D83932CE-B411-46C3-B9A8-5981DA1EE39D}.Debug|x86.Build.0 = Debug|Any CPU
		{D83932CE-B411-46C3-B9A8-5981DA1EE39D}.Development|Any CPU.ActiveCfg = Debug|Any CPU
		{D83932CE-B411-46C3-B9A8-5981DA1EE39D}.Development|Any CPU.Build.0 = Debug|Any CPU
		{D83932CE-B411-46C3-B9A8-5981DA1EE39D}.Development|x86.ActiveCfg = Debug|Any CPU
		{D83932CE-B411-46C3-B9A8-5981DA1EE39D}.Development|x86.Build.0 = Debug|Any CPU
		{D83932CE-B411-46C3-B9A8-5981DA1EE39D}.Release|Any CPU.ActiveCfg = Release|Any CPU
		{D83932CE-B411-46C3-B9A8-5981DA1EE39D}.Release|Any CPU.Build.0 = Release|Any CPU
		{D83932CE-B411-46C3-B9A8-5981DA1EE39D}.Release|x86.ActiveCfg = Release|Any CPU
		{D83932CE-B411-46C3-B9A8-5981DA1EE39D}.Release|x86.Build.0 = Release|Any CPU
	EndGlobalSection
	GlobalSection(SolutionProperties) = preSolution
		HideSolutionNode = FALSE
	EndGlobalSection
	GlobalSection(NestedProjects) = preSolution
		{EBC81B2D-9B33-48A5-8C79-3D644EF03E0D} = {F9FDF608-09A6-4489-948A-CD56E8E1A4DD}
		{4048F34E-0D96-4A94-AE02-BA03103EDD90} = {EBC81B2D-9B33-48A5-8C79-3D644EF03E0D}
		{3669C534-9031-4BAA-B54E-75EFB21BA621} = {B07A8DBF-00E2-4A97-88A2-59BBDEF0AA5D}
		{4A546EF5-35F6-47F7-BBD2-033F3BAF7C7E} = {F9FDF608-09A6-4489-948A-CD56E8E1A4DD}
		{0E6A9572-BC15-45F9-B782-549AC9705F67} = {B07A8DBF-00E2-4A97-88A2-59BBDEF0AA5D}
		{54DE4570-F19D-40B4-9C8D-824C889ACE39} = {F9FDF608-09A6-4489-948A-CD56E8E1A4DD}
		{6AA7D7FD-04C9-4B0C-B502-EBF745D1B498} = {92B7CCB5-5B13-453C-86D7-C1B009C78B90}
		{960AA9DF-4144-44AF-A5DE-86451B6778BC} = {EBC81B2D-9B33-48A5-8C79-3D644EF03E0D}
		{4A78A00D-43D7-4050-961B-081909D02DA3} = {B07A8DBF-00E2-4A97-88A2-59BBDEF0AA5D}
		{843A37A8-3B0C-47EB-9737-2B6A479604D5} = {B07A8DBF-00E2-4A97-88A2-59BBDEF0AA5D}
		{D57E7B44-8462-43DC-A0C0-02117A8DFEA4} = {DF26169D-41BF-426B-A5EB-599FE8AE1A32}
		{1ED10488-8F30-4940-A620-1C8B796682F3} = {92B7CCB5-5B13-453C-86D7-C1B009C78B90}
		{D83932CE-B411-46C3-B9A8-5981DA1EE39D} = {92B7CCB5-5B13-453C-86D7-C1B009C78B90}
	EndGlobalSection
	GlobalSection(ExtensibilityGlobals) = postSolution
		SolutionGuid = {7F3FFD29-7C38-4E90-A775-D4F7E86AF4EC}
	EndGlobalSection
EndGlobal
